{
  "lockfileVersion": 1,
  "configVersion": 1,
  "workspaces": {
    "": {
      "name": "agi-eval-og",
      "dependencies": {
        "@takumi-rs/core": "^2.12.0",
      },
    },
  },
  "packages": {
    "@takumi-rs/core": ["@takumi-rs/core@2.12.0", "", { "dependencies": { "@takumi-rs/helpers": "2.12.0" }, "optionalDependencies": { "@takumi-rs/core-darwin-arm64": "2.12.0", "@takumi-rs/core-darwin-x64": "2.12.0", "@takumi-rs/core-linux-arm64-gnu": "2.12.0", "@takumi-rs/core-linux-arm64-musl": "2.12.0", "@takumi-rs/core-linux-x64-gnu": "2.12.0", "@takumi-rs/core-linux-x64-musl": "2.12.0", "@takumi-rs/core-win32-arm64-msvc": "2.12.0", "@takumi-rs/core-win32-x64-msvc": "2.12.0" }, "peerDependencies": { "csstype": "*" }, "optionalPeers": ["csstype"] }, "sha512-oyP7+pBqxqncbeYA8jiyiXTl4TdvEJLWCcMqjEiWPEnaaX7ziBurgXxe/CvIvUvB5QtreQTT/gFHGDQN0V1oSA=="],

    "@takumi-rs/core-darwin-arm64": ["@takumi-rs/core-darwin-arm64@2.12.0", "", { "os": "darwin", "cpu": "arm64" }, "sha512-wa2QodfXJsEUCkMlgDdJBLnOvlGgKeSyw5UKuvwR+GslLavWQj7+w1O4LCc8uMIRc7XyysKrEeJIwehqJ6YkWw=="],

    "@takumi-rs/core-darwin-x64": ["@takumi-rs/core-darwin-x64@2.12.0", "", { "os": "darwin", "cpu": "x64" }, "sha512-9CIAuYZwofOp4QbD7PRNh+STdNsFVCS+3auebVqW4PvTZfbaI7oPLfBvnqgxJVehEBJgs6mqEhc2BJvUws/7MQ=="],

    "@takumi-rs/core-linux-arm64-gnu": ["@takumi-rs/core-linux-arm64-gnu@2.12.0", "", { "os": "linux", "cpu": "arm64" }, "sha512-AZwt8CisqCZMTdbtTd3xUP9QXIrS6w+TU5CnW1QVHOxCrzh4+AdHMoRzPTUjkG9qtieQ1QgI6t6BKCcRutz5QQ=="],

    "@takumi-rs/core-linux-arm64-musl": ["@takumi-rs/core-linux-arm64-musl@2.12.0", "", { "os": "linux", "cpu": "arm64" }, "sha512-qVSgC16zCGQg8NBofKGmce2bFTTC0HFZE1Ql4O9RKHs7ajN8hTVlbvQ7RSUQGnysJ/toeaeKKrJHTfGgIKwDig=="],

    "@takumi-rs/core-linux-x64-gnu": ["@takumi-rs/core-linux-x64-gnu@2.12.0", "", { "os": "linux", "cpu": "x64" }, "sha512-/tB1FH7Zp4S0XCnO5+pDA/UTnGH4lR/i4pUI6YEibKyUC3fGJqn8h9DOy5QvSxEYfIeeI4s06L2zgXIhvOCiRA=="],

    "@takumi-rs/core-linux-x64-musl": ["@takumi-rs/core-linux-x64-musl@2.12.0", "", { "os": "linux", "cpu": "x64" }, "sha512-U0BdML6TWwOLQruPhZxibvHyNd5gBspLlCSFnVCsmQcDFZ2GnkYOvBl9KUnQJh+c5ctGX8BjvAU3ekLIbpeopw=="],

    "@takumi-rs/core-win32-arm64-msvc": ["@takumi-rs/core-win32-arm64-msvc@2.12.0", "", { "os": "win32", "cpu": "arm64" }, "sha512-EjgDZjJWXhPFiDQjaHeJYlD5vFpsirel7mHspaWGuquurhCN06MQUpGRWOwutkEdXfVkkscx3ZphFDRkerPfMQ=="],

    "@takumi-rs/core-win32-x64-msvc": ["@takumi-rs/core-win32-x64-msvc@2.12.0", "", { "os": "win32", "cpu": "x64" }, "sha512-JascumNirNCDS/qaV6YM3aYHazxIENG617PTaAas8NDUMbhYptOa5RZPV917d4unHilEvD3P5L5T9fpiU3N6Ig=="],

    "@takumi-rs/helpers": ["@takumi-rs/helpers@2.12.0", "", { "peerDependencies": { "preact": "^10.0.0", "react": "^18.0.0 || ^19.0.0" }, "optionalPeers": ["preact", "react"] }, "sha512-3DF+spdZEKvFahc3SXQ3roXL9DzQkPoQ/oqopKT0bcXd3QiROTyYncRgzqUnEfBlFp236m9pSFVRSwW2GvLO9w=="],
  }
}
