{
  "lockfileVersion": 1,
  "configVersion": 1,
  "workspaces": {
    "": {
      "name": "agi-eval-relay",
      "dependencies": {
        "ai": "^5.0.0",
        "zod": "^3.25.0",
      },
    },
  },
  "packages": {
    "@ai-sdk/gateway": ["@ai-sdk/gateway@2.0.139", "", { "dependencies": { "@ai-sdk/provider": "2.0.3", "@ai-sdk/provider-utils": "3.0.32", "@vercel/oidc": "3.1.0" }, "peerDependencies": { "zod": "^3.25.76 || ^4.1.8" } }, "sha512-cunSy/lp6q48sOudMEnlWsCTITBg02LP0ZeLW5DophMH90IWxSm5DAspiTEfoS04UEZiZKKtrlNhmatI0ZK8Vg=="],

    "@ai-sdk/provider": ["@ai-sdk/provider@2.0.3", "", { "dependencies": { "json-schema": "^0.4.0" } }, "sha512-h88OPkavHTiN9tMn2l5awAznGB0lXzjcLhgR1/rvjB2zlLprsNxbM2tt6OJsHUxduLC3klq0/eqaSf6fX5XVww=="],

    "@ai-sdk/provider-utils": ["@ai-sdk/provider-utils@3.0.32", "", { "dependencies": { "@ai-sdk/provider": "2.0.3", "@standard-schema/spec": "^1.0.0", "eventsource-parser": "^3.0.6", "undici": "^5.29.0" }, "peerDependencies": { "zod": "^3.25.76 || ^4.1.8" } }, "sha512-izgUo50kamJMwoYCXoFwVccuJeyYp0y1+twf0FfpEz7kdQBloZLZbgLYUOUpannLWrV7xYSJR48BQJIQFbFiAQ=="],

    "@fastify/busboy": ["@fastify/busboy@2.1.1", "", {}, "sha512-vBZP4NlzfOlerQTnba4aqZoMhE/a9HY7HRqoOPaETQcSQuWEIyZMHGfVu6w9wGtGK5fED5qRs2DteVCjOH60sA=="],

    "@opentelemetry/api": ["@opentelemetry/api@1.9.0", "", {}, "sha512-3giAOQvZiH5F9bMlMiv8+GSPMeqg0dbaeo58/0SlA9sxSqZhnUtxzX9/2FzyhS9sWQf5S0GJE0AKBrFqjpeYcg=="],

    "@standard-schema/spec": ["@standard-schema/spec@1.1.0", "", {}, "sha512-l2aFy5jALhniG5HgqrD6jXLi/rUWrKvqN/qJx6yoJsgKhblVd+iqqU4RCXavm/jPityDo5TCvKMnpjKnOriy0w=="],

    "@vercel/oidc": ["@vercel/oidc@3.1.0", "", {}, "sha512-Fw28YZpRnA3cAHHDlkt7xQHiJ0fcL+NRcIqsocZQUSmbzeIKRpwttJjik5ZGanXP+vlA4SbTg+AbA3bP363l+w=="],

    "ai": ["ai@5.0.244", "", { "dependencies": { "@ai-sdk/gateway": "2.0.139", "@ai-sdk/provider": "2.0.3", "@ai-sdk/provider-utils": "3.0.32", "@opentelemetry/api": "1.9.0" }, "peerDependencies": { "zod": "^3.25.76 || ^4.1.8" } }, "sha512-7hEVPeQdUS6EgScL4BOKwtV7uNxFJgYu80OFfhnl8wfH5NCMFW+WJEwp/UjdPgxgnhBxhNcn9MrANlC0Hp77tw=="],

    "eventsource-parser": ["eventsource-parser@3.1.1", "", {}, "sha512-EKN1vKAMcZ8MlYMpaNuxN6R9yakzH6uajHcHVTqWJzvu5pWw9DyhbP35HH8MVBQ+dZjAfDxk+A8NiR9KWaXiyQ=="],

    "json-schema": ["json-schema@0.4.0", "", {}, "sha512-es94M3nTIfsEPisRafak+HDLfHXnKBhV3vU5eqPcS3flIWqcxJWgXHXiey3YrpaNsanY5ei1VoYEbOzijuq9BA=="],

    "undici": ["undici@5.29.0", "", { "dependencies": { "@fastify/busboy": "^2.0.0" } }, "sha512-raqeBD6NQK4SkWhQzeYKd1KmIG6dllBOTt55Rmkt4HtI9mwdWtJljnrXjAFUBLTSN67HWrOIZ3EPF4kjUw80Bg=="],

    "zod": ["zod@3.25.76", "", {}, "sha512-gzUt/qt81nXsFGKIFcC3YnfEAx5NkunCfnDlvuBSSFS02bcXu4Lmea0AFIUwbLWxWPx3d9p8S5QoaujKcNQxcQ=="],
  }
}
